# This file is automatically @generated by Cargo.
# It is not intended for manual editing.
version = 4

[[package]]
name = "fastdb"
version = "0.2.1"
dependencies = [
 "fastdb-sys",
]

[[package]]
name = "fastdb-payload-integration-tests"
version = "0.0.0"
dependencies = [
 "fastdb",
]

[[package]]
name = "fastdb-sys"
version = "0.2.1"
